
Microsoft Visual Studio Solution File, Format Version 12.00
# Visual Studio Version 17
VisualStudioVersion = 17.5.002.0
MinimumVisualStudioVersion = 10.0.40219.1
Project("{9A19103F-16F7-4668-BE54-9A1E7A4F7556}") = "API", "API.csproj", "{F339E455-D5BE-4951-9B22-E0B645E62D38}"
EndProject
Global
	GlobalSection(SolutionConfigurationPlatforms) = preSolution
		Debug|Any CPU = Debug|Any CPU
		Release|Any CPU = Release|Any CPU
	EndGlobalSection
	GlobalSection(ProjectConfigurationPlatforms) = postSolution
		{F339E455-D5BE-4951-9B22-E0B645E62D38}.Debug|Any CPU.ActiveCfg = Debug|Any CPU
		{F339E455-D5BE-4951-9B22-E0B645E62D38}.Debug|Any CPU.Build.0 = Debug|Any CPU
		{F339E455-D5BE-4951-9B22-E0B645E62D38}.Release|Any CPU.ActiveCfg = Release|Any CPU
		{F339E455-D5BE-4951-9B22-E0B645E62D38}.Release|Any CPU.Build.0 = Release|Any CPU
	EndGlobalSection
	GlobalSection(SolutionProperties) = preSolution
		HideSolutionNode = FALSE
	EndGlobalSection
	GlobalSection(ExtensibilityGlobals) = postSolution
		SolutionGuid = {B5F7293F-AB3E-43BB-8130-287FAB8F7585}
	EndGlobalSection
EndGlobal
